PODS:
  - MQTTKit (0.1.0-next)

DEPENDENCIES:
  - MQTTKit (from `https://github.com/mobile-web-messaging/MQTTKit.git`)

EXTERNAL SOURCES:
  MQTTKit:
    :git: https://github.com/mobile-web-messaging/MQTTKit.git

CHECKOUT OPTIONS:
  MQTTKit:
    :commit: 8f0753b98a60c8e6030000d877e0ef02e22b198b
    :git: https://github.com/mobile-web-messaging/MQTTKit.git

SPEC CHECKSUMS:
  MQTTKit: 513ffc31464db7adeffefac986e228fdf6cd87e5

COCOAPODS: 0.39.0
